
Microsoft Visual Studio Solution File, Format Version 12.00
# Visual Studio Version 17
VisualStudioVersion = 17.10.35013.160
MinimumVisualStudioVersion = 10.0.40219.1
Project("{FAE04EC0-301F-11D3-BF4B-00C04F79EFBC}") = "PongGameWpf2025", "PongGameWpf2025\PongGameWpf2025.csproj", "{C6CB7FB8-5BDE-439F-8F95-CF4B77705026}"
EndProject
Global
	GlobalSection(SolutionConfigurationPlatforms) = preSolution
		Debug|Any CPU = Debug|Any CPU
		Release|Any CPU = Release|Any CPU
	EndGlobalSection
	GlobalSection(ProjectConfigurationPlatforms) = postSolution
		{C6CB7FB8-5BDE-439F-8F95-CF4B77705026}.Debug|Any CPU.ActiveCfg = Debug|Any CPU
		{C6CB7FB8-5BDE-439F-8F95-CF4B77705026}.Debug|Any CPU.Build.0 = Debug|Any CPU
		{C6CB7FB8-5BDE-439F-8F95-CF4B77705026}.Release|Any CPU.ActiveCfg = Release|Any CPU
		{C6CB7FB8-5BDE-439F-8F95-CF4B77705026}.Release|Any CPU.Build.0 = Release|Any CPU
	EndGlobalSection
	GlobalSection(SolutionProperties) = preSolution
		HideSolutionNode = FALSE
	EndGlobalSection
	GlobalSection(ExtensibilityGlobals) = postSolution
		SolutionGuid = {464B8235-C1DF-4A42-848C-008ADD3743AF}
	EndGlobalSection
EndGlobal
